
Microsoft Visual Studio Solution File, Format Version 12.00
# Visual Studio Version 17
VisualStudioVersion = 17.7.34031.279
MinimumVisualStudioVersion = 10.0.40219.1
Project("{8BC9CEB8-8B4A-11D0-8D11-00A0C91BC942}") = "PR7.3,re", "PR7.3,re\PR7.3,re.vcxproj", "{F90FB929-7F57-4D6F-9D02-0CB99F7BB74C}"
EndProject
Project("{8BC9CEB8-8B4A-11D0-8D11-00A0C91BC942}") = "UnitTest7.3.re", "UnitTest7.3.re\UnitTest7.3.re.vcxproj", "{C17AC900-21EC-4B00-9E68-25396688868B}"
EndProject
Global
	GlobalSection(SolutionConfigurationPlatforms) = preSolution
		Debug|x64 = Debug|x64
		Debug|x86 = Debug|x86
		Release|x64 = Release|x64
		Release|x86 = Release|x86
	EndGlobalSection
	GlobalSection(ProjectConfigurationPlatforms) = postSolution
		{F90FB929-7F57-4D6F-9D02-0CB99F7BB74C}.Debug|x64.ActiveCfg = Debug|x64
		{F90FB929-7F57-4D6F-9D02-0CB99F7BB74C}.Debug|x64.Build.0 = Debug|x64
		{F90FB929-7F57-4D6F-9D02-0CB99F7BB74C}.Debug|x86.ActiveCfg = Debug|Win32
		{F90FB929-7F57-4D6F-9D02-0CB99F7BB74C}.Debug|x86.Build.0 = Debug|Win32
		{F90FB929-7F57-4D6F-9D02-0CB99F7BB74C}.Release|x64.ActiveCfg = Release|x64
		{F90FB929-7F57-4D6F-9D02-0CB99F7BB74C}.Release|x64.Build.0 = Release|x64
		{F90FB929-7F57-4D6F-9D02-0CB99F7BB74C}.Release|x86.ActiveCfg = Release|Win32
		{F90FB929-7F57-4D6F-9D02-0CB99F7BB74C}.Release|x86.Build.0 = Release|Win32
		{C17AC900-21EC-4B00-9E68-25396688868B}.Debug|x64.ActiveCfg = Debug|x64
		{C17AC900-21EC-4B00-9E68-25396688868B}.Debug|x64.Build.0 = Debug|x64
		{C17AC900-21EC-4B00-9E68-25396688868B}.Debug|x86.ActiveCfg = Debug|Win32
		{C17AC900-21EC-4B00-9E68-25396688868B}.Debug|x86.Build.0 = Debug|Win32
		{C17AC900-21EC-4B00-9E68-25396688868B}.Release|x64.ActiveCfg = Release|x64
		{C17AC900-21EC-4B00-9E68-25396688868B}.Release|x64.Build.0 = Release|x64
		{C17AC900-21EC-4B00-9E68-25396688868B}.Release|x86.ActiveCfg = Release|Win32
		{C17AC900-21EC-4B00-9E68-25396688868B}.Release|x86.Build.0 = Release|Win32
	EndGlobalSection
	GlobalSection(SolutionProperties) = preSolution
		HideSolutionNode = FALSE
	EndGlobalSection
	GlobalSection(ExtensibilityGlobals) = postSolution
		SolutionGuid = {F67140D3-ABC2-4474-B010-22DA2D6C5036}
	EndGlobalSection
EndGlobal
